
Microsoft Visual Studio Solution File, Format Version 12.00
# Visual Studio 14
VisualStudioVersion = 14.0.25420.1
MinimumVisualStudioVersion = 10.0.40219.1
Project("{FAE04EC0-301F-11D3-BF4B-00C04F79EFBC}") = "DolphinApp", "DolphinApp\DolphinApp.csproj", "{EC941CFC-65D3-455E-92C7-DCB3424F33F9}"
EndProject
Project("{FAE04EC0-301F-11D3-BF4B-00C04F79EFBC}") = "DolphinService", "DolphinService\DolphinService.csproj", "{50C53DC1-093E-4B80-8A65-96EFC96060EF}"
EndProject
Global
	GlobalSection(SolutionConfigurationPlatforms) = preSolution
		Debug|Any CPU = Debug|Any CPU
		Release|Any CPU = Release|Any CPU
	EndGlobalSection
	GlobalSection(ProjectConfigurationPlatforms) = postSolution
		{EC941CFC-65D3-455E-92C7-DCB3424F33F9}.Debug|Any CPU.ActiveCfg = Debug|Any CPU
		{EC941CFC-65D3-455E-92C7-DCB3424F33F9}.Debug|Any CPU.Build.0 = Debug|Any CPU
		{EC941CFC-65D3-455E-92C7-DCB3424F33F9}.Release|Any CPU.ActiveCfg = Release|Any CPU
		{EC941CFC-65D3-455E-92C7-DCB3424F33F9}.Release|Any CPU.Build.0 = Release|Any CPU
		{50C53DC1-093E-4B80-8A65-96EFC96060EF}.Debug|Any CPU.ActiveCfg = Debug|Any CPU
		{50C53DC1-093E-4B80-8A65-96EFC96060EF}.Debug|Any CPU.Build.0 = Debug|Any CPU
		{50C53DC1-093E-4B80-8A65-96EFC96060EF}.Release|Any CPU.ActiveCfg = Release|Any CPU
		{50C53DC1-093E-4B80-8A65-96EFC96060EF}.Release|Any CPU.Build.0 = Release|Any CPU
	EndGlobalSection
	GlobalSection(SolutionProperties) = preSolution
		HideSolutionNode = FALSE
	EndGlobalSection
EndGlobal
